dependencies:
- name: prometheus
  repository: https://prometheus-community.github.io/helm-charts
  version: 25.27.0
- name: grafana
  repository: https://grafana.github.io/helm-charts
  version: 8.5.1
digest: sha256:2d6ed3563ea297562fb206499308719ea4188bafa0b87799fa01cedcb1ebc3fa
generated: "2024-09-07T23:01:54.912685768+07:00"
