dependencies:
- name: prometheus
  repository: https://prometheus-community.github.io/helm-charts
  version: 25.27.0
- name: grafana
  repository: https://grafana.github.io/helm-charts
  version: 8.5.1
- name: postgresql
  repository: https://charts.bitnami.com/bitnami
  version: 13.1.5
- name: pgbouncer
  repository: https://icoretech.github.io/helm
  version: 2.3.2
digest: sha256:e7993f4920d9924106651ccdbf54c0776ce4d49faba55e4397dec374c7308258
generated: "2024-09-09T20:47:34.123416935+07:00"
